
Microsoft Visual Studio Solution File, Format Version 12.00
# Visual Studio 15
VisualStudioVersion = 15.0.28307.438
MinimumVisualStudioVersion = 10.0.40219.1
Project("{9A19103F-16F7-4668-BE54-9A1E7A4F7556}") = "BLPDiffer", "BLPDiffer\BLPDiffer.csproj", "{7ED6C5C9-2151-4D6B-B30C-13E76CA9614A}"
EndProject
Project("{9A19103F-16F7-4668-BE54-9A1E7A4F7556}") = "BLPDiffer.Tests", "BLPDiffer.Tests\BLPDiffer.Tests.csproj", "{EB8BDC7A-EA83-4E6E-8611-DE015EB35FD5}"
EndProject
Project("{9A19103F-16F7-4668-BE54-9A1E7A4F7556}") = "SereniaBLPLib", "SereniaBLPLib\SereniaBLPLib\SereniaBLPLib.csproj", "{C4B0FA6C-BB41-413C-A618-F2369B3CC5DD}"
EndProject
Project("{2150E333-8FDC-42A3-9474-1A3956D46DE8}") = "Solution Items", "Solution Items", "{22B25CBC-E67E-483F-AEC3-4A86342ACF83}"
	ProjectSection(SolutionItems) = preProject
		.editorconfig = .editorconfig
	EndProjectSection
EndProject
Global
	GlobalSection(SolutionConfigurationPlatforms) = preSolution
		Debug|Any CPU = Debug|Any CPU
		Release|Any CPU = Release|Any CPU
	EndGlobalSection
	GlobalSection(ProjectConfigurationPlatforms) = postSolution
		{7ED6C5C9-2151-4D6B-B30C-13E76CA9614A}.Debug|Any CPU.ActiveCfg = Debug|Any CPU
		{7ED6C5C9-2151-4D6B-B30C-13E76CA9614A}.Debug|Any CPU.Build.0 = Debug|Any CPU
		{7ED6C5C9-2151-4D6B-B30C-13E76CA9614A}.Release|Any CPU.ActiveCfg = Release|Any CPU
		{7ED6C5C9-2151-4D6B-B30C-13E76CA9614A}.Release|Any CPU.Build.0 = Release|Any CPU
		{EB8BDC7A-EA83-4E6E-8611-DE015EB35FD5}.Debug|Any CPU.ActiveCfg = Debug|Any CPU
		{EB8BDC7A-EA83-4E6E-8611-DE015EB35FD5}.Debug|Any CPU.Build.0 = Debug|Any CPU
		{EB8BDC7A-EA83-4E6E-8611-DE015EB35FD5}.Release|Any CPU.ActiveCfg = Release|Any CPU
		{EB8BDC7A-EA83-4E6E-8611-DE015EB35FD5}.Release|Any CPU.Build.0 = Release|Any CPU
		{C4B0FA6C-BB41-413C-A618-F2369B3CC5DD}.Debug|Any CPU.ActiveCfg = Debug|Any CPU
		{C4B0FA6C-BB41-413C-A618-F2369B3CC5DD}.Debug|Any CPU.Build.0 = Debug|Any CPU
		{C4B0FA6C-BB41-413C-A618-F2369B3CC5DD}.Release|Any CPU.ActiveCfg = Release|Any CPU
		{C4B0FA6C-BB41-413C-A618-F2369B3CC5DD}.Release|Any CPU.Build.0 = Release|Any CPU
	EndGlobalSection
	GlobalSection(SolutionProperties) = preSolution
		HideSolutionNode = FALSE
	EndGlobalSection
	GlobalSection(ExtensibilityGlobals) = postSolution
		SolutionGuid = {0543F551-D1A2-4FAE-B6D6-06F5ACCFFE94}
	EndGlobalSection
EndGlobal
